
Microsoft Visual Studio Solution File, Format Version 12.00
# Visual Studio Version 17
VisualStudioVersion = 17.5.002.0
MinimumVisualStudioVersion = 10.0.40219.1
Project("{9A19103F-16F7-4668-BE54-9A1E7A4F7556}") = "AdventCode1.1", "Day 1\AdventCode1.1.csproj", "{7AAA5D1D-9A38-4257-87DA-D58F81D14B5F}"
EndProject
Project("{2150E333-8FDC-42A3-9474-1A3956D46DE8}") = "Day 1", "Day 1", "{81A3D725-4303-4797-B495-170108C412B9}"
EndProject
Project("{FAE04EC0-301F-11D3-BF4B-00C04F79EFBC}") = "AdventCode1.1.", "Day 1\AdventCode1.1.\AdventCode1.1..csproj", "{606365BA-0EB8-4158-A02C-440FCBA9CD83}"
EndProject
Project("{FAE04EC0-301F-11D3-BF4B-00C04F79EFBC}") = "Advent1.2", "Day 1\Advent1.2\Advent1.2.csproj", "{34B1444C-A3DA-47C7-926E-BF3B268DCFB2}"
EndProject
Project("{FAE04EC0-301F-11D3-BF4B-00C04F79EFBC}") = "AdventCode1.2", "Day 1\AdventCode1.2\AdventCode1.2.csproj", "{01F7BF90-DF84-47F0-BDEF-385846A37B6D}"
EndProject
Project("{2150E333-8FDC-42A3-9474-1A3956D46DE8}") = "Day 2", "Day 2", "{3E5AB60D-593C-4777-8A4C-6A12CA5937F7}"
EndProject
Project("{FAE04EC0-301F-11D3-BF4B-00C04F79EFBC}") = "AdventCode2.1", "Day 2\AdventCode2.1\AdventCode2.1.csproj", "{795E8616-F047-4521-B69C-370F32D8D5F8}"
EndProject
Project("{FAE04EC0-301F-11D3-BF4B-00C04F79EFBC}") = "AdventCode2.2", "Day 2\AdventCode2.2\AdventCode2.2.csproj", "{E1BA92FB-C918-4C0B-BA61-34686F602F5C}"
EndProject
Global
	GlobalSection(SolutionConfigurationPlatforms) = preSolution
		Debug|Any CPU = Debug|Any CPU
		Release|Any CPU = Release|Any CPU
	EndGlobalSection
	GlobalSection(ProjectConfigurationPlatforms) = postSolution
		{7AAA5D1D-9A38-4257-87DA-D58F81D14B5F}.Debug|Any CPU.ActiveCfg = Debug|Any CPU
		{7AAA5D1D-9A38-4257-87DA-D58F81D14B5F}.Debug|Any CPU.Build.0 = Debug|Any CPU
		{7AAA5D1D-9A38-4257-87DA-D58F81D14B5F}.Release|Any CPU.ActiveCfg = Release|Any CPU
		{7AAA5D1D-9A38-4257-87DA-D58F81D14B5F}.Release|Any CPU.Build.0 = Release|Any CPU
		{606365BA-0EB8-4158-A02C-440FCBA9CD83}.Debug|Any CPU.ActiveCfg = Debug|Any CPU
		{606365BA-0EB8-4158-A02C-440FCBA9CD83}.Debug|Any CPU.Build.0 = Debug|Any CPU
		{606365BA-0EB8-4158-A02C-440FCBA9CD83}.Release|Any CPU.ActiveCfg = Release|Any CPU
		{606365BA-0EB8-4158-A02C-440FCBA9CD83}.Release|Any CPU.Build.0 = Release|Any CPU
		{34B1444C-A3DA-47C7-926E-BF3B268DCFB2}.Debug|Any CPU.ActiveCfg = Debug|Any CPU
		{34B1444C-A3DA-47C7-926E-BF3B268DCFB2}.Debug|Any CPU.Build.0 = Debug|Any CPU
		{34B1444C-A3DA-47C7-926E-BF3B268DCFB2}.Release|Any CPU.ActiveCfg = Release|Any CPU
		{34B1444C-A3DA-47C7-926E-BF3B268DCFB2}.Release|Any CPU.Build.0 = Release|Any CPU
		{01F7BF90-DF84-47F0-BDEF-385846A37B6D}.Debug|Any CPU.ActiveCfg = Debug|Any CPU
		{01F7BF90-DF84-47F0-BDEF-385846A37B6D}.Debug|Any CPU.Build.0 = Debug|Any CPU
		{01F7BF90-DF84-47F0-BDEF-385846A37B6D}.Release|Any CPU.ActiveCfg = Release|Any CPU
		{01F7BF90-DF84-47F0-BDEF-385846A37B6D}.Release|Any CPU.Build.0 = Release|Any CPU
		{795E8616-F047-4521-B69C-370F32D8D5F8}.Debug|Any CPU.ActiveCfg = Debug|Any CPU
		{795E8616-F047-4521-B69C-370F32D8D5F8}.Debug|Any CPU.Build.0 = Debug|Any CPU
		{795E8616-F047-4521-B69C-370F32D8D5F8}.Release|Any CPU.ActiveCfg = Release|Any CPU
		{795E8616-F047-4521-B69C-370F32D8D5F8}.Release|Any CPU.Build.0 = Release|Any CPU
		{E1BA92FB-C918-4C0B-BA61-34686F602F5C}.Debug|Any CPU.ActiveCfg = Debug|Any CPU
		{E1BA92FB-C918-4C0B-BA61-34686F602F5C}.Debug|Any CPU.Build.0 = Debug|Any CPU
		{E1BA92FB-C918-4C0B-BA61-34686F602F5C}.Release|Any CPU.ActiveCfg = Release|Any CPU
		{E1BA92FB-C918-4C0B-BA61-34686F602F5C}.Release|Any CPU.Build.0 = Release|Any CPU
	EndGlobalSection
	GlobalSection(SolutionProperties) = preSolution
		HideSolutionNode = FALSE
	EndGlobalSection
	GlobalSection(ExtensibilityGlobals) = postSolution
		SolutionGuid = {A51500E6-477B-43A9-9CD0-3AF496B6D111}
	EndGlobalSection
	GlobalSection(NestedProjects) = preSolution
		{606365BA-0EB8-4158-A02C-440FCBA9CD83} = {81A3D725-4303-4797-B495-170108C412B9}
		{34B1444C-A3DA-47C7-926E-BF3B268DCFB2} = {81A3D725-4303-4797-B495-170108C412B9}
		{01F7BF90-DF84-47F0-BDEF-385846A37B6D} = {81A3D725-4303-4797-B495-170108C412B9}
		{795E8616-F047-4521-B69C-370F32D8D5F8} = {3E5AB60D-593C-4777-8A4C-6A12CA5937F7}
		{E1BA92FB-C918-4C0B-BA61-34686F602F5C} = {3E5AB60D-593C-4777-8A4C-6A12CA5937F7}
	EndGlobalSection
EndGlobal
